// !$*UTF8*$!
{
	archiveVersion = 1;
	classes = {
	};
	objectVersion = 50;
	objects = {

/* Begin PBXBuildFile section */
		9B2334B723DADED50002BB2B /* AppDelegate.swift in Sources */ = {isa = PBXBuildFile; fileRef = 9B2334B623DADED50002BB2B /* AppDelegate.swift */; };
		9B2334B923DADED50002BB2B /* SceneDelegate.swift in Sources */ = {isa = PBXBuildFile; fileRef = 9B2334B823DADED50002BB2B /* SceneDelegate.swift */; };
		9B2334BE23DADED50002BB2B /* Main.storyboard in Resources */ = {isa = PBXBuildFile; fileRef = 9B2334BC23DADED50002BB2B /* Main.storyboard */; };
		9B2334C023DADED70002BB2B /* Assets.xcassets in Resources */ = {isa = PBXBuildFile; fileRef = 9B2334BF23DADED70002BB2B /* Assets.xcassets */; };
		9B2334C323DADED70002BB2B /* LaunchScreen.storyboard in Resources */ = {isa = PBXBuildFile; fileRef = 9B2334C123DADED70002BB2B /* LaunchScreen.storyboard */; };
		9B2334CB23DADFC60002BB2B /* MovieTableViewController.swift in Sources */ = {isa = PBXBuildFile; fileRef = 9B2334CA23DADFC60002BB2B /* MovieTableViewController.swift */; };
		9B2334CF23DB29950002BB2B /* Feeds.swift in Sources */ = {isa = PBXBuildFile; fileRef = 9B2334CE23DB29950002BB2B /* Feeds.swift */; };
		9B2334D123DB2CF50002BB2B /* MovieTableViewCell.swift in Sources */ = {isa = PBXBuildFile; fileRef = 9B2334D023DB2CF50002BB2B /* MovieTableViewCell.swift */; };
		9B2334D323DB2E420002BB2B /* NetworkController.swift in Sources */ = {isa = PBXBuildFile; fileRef = 9B2334D223DB2E420002BB2B /* NetworkController.swift */; };
/* End PBXBuildFile section */

/* Begin PBXFileReference section */
		9B2334B323DADED50002BB2B /* CacheDemo.app */ = {isa = PBXFileReference; explicitFileType = wrapper.application; includeInIndex = 0; path = CacheDemo.app; sourceTree = BUILT_PRODUCTS_DIR; };
		9B2334B623DADED50002BB2B /* AppDelegate.swift */ = {isa = PBXFileReference; lastKnownFileType = sourcecode.swift; path = AppDelegate.swift; sourceTree = "<group>"; };
		9B2334B823DADED50002BB2B /* SceneDelegate.swift */ = {isa = PBXFileReference; lastKnownFileType = sourcecode.swift; path = SceneDelegate.swift; sourceTree = "<group>"; };
		9B2334BD23DADED50002BB2B /* Base */ = {isa = PBXFileReference; lastKnownFileType = file.storyboard; name = Base; path = Base.lproj/Main.storyboard; sourceTree = "<group>"; };
		9B2334BF23DADED70002BB2B /* Assets.xcassets */ = {isa = PBXFileReference; lastKnownFileType = folder.assetcatalog; path = Assets.xcassets; sourceTree = "<group>"; };
		9B2334C223DADED70002BB2B /* Base */ = {isa = PBXFileReference; lastKnownFileType = file.storyboard; name = Base; path = Base.lproj/LaunchScreen.storyboard; sourceTree = "<group>"; };
		9B2334C423DADED70002BB2B /* Info.plist */ = {isa = PBXFileReference; lastKnownFileType = text.plist.xml; path = Info.plist; sourceTree = "<group>"; };
		9B2334CA23DADFC60002BB2B /* MovieTableViewController.swift */ = {isa = PBXFileReference; lastKnownFileType = sourcecode.swift; path = MovieTableViewController.swift; sourceTree = "<group>"; };
		9B2334CE23DB29950002BB2B /* Feeds.swift */ = {isa = PBXFileReference; lastKnownFileType = sourcecode.swift; path = Feeds.swift; sourceTree = "<group>"; };
		9B2334D023DB2CF50002BB2B /* MovieTableViewCell.swift */ = {isa = PBXFileReference; lastKnownFileType = sourcecode.swift; path = MovieTableViewCell.swift; sourceTree = "<group>"; };
		9B2334D223DB2E420002BB2B /* NetworkController.swift */ = {isa = PBXFileReference; lastKnownFileType = sourcecode.swift; path = NetworkController.swift; sourceTree = "<group>"; };
/* End PBXFileReference section */

/* Begin PBXFrameworksBuildPhase section */
		9B2334B023DADED50002BB2B /* Frameworks */ = {
			isa = PBXFrameworksBuildPhase;
			buildActionMask = 2147483647;
			files = (
			);
			runOnlyForDeploymentPostprocessing = 0;
		};
/* End PBXFrameworksBuildPhase section */

/* Begin PBXGroup section */
		9B2334AA23DADED50002BB2B = {
			isa = PBXGroup;
			children = (
				9B2334B523DADED50002BB2B /* CacheDemo */,
				9B2334B423DADED50002BB2B /* Products */,
			);
			sourceTree = "<group>";
		};
		9B2334B423DADED50002BB2B /* Products */ = {
			isa = PBXGroup;
			children = (
				9B2334B323DADED50002BB2B /* CacheDemo.app */,
			);
			name = Products;
			sourceTree = "<group>";
		};
		9B2334B523DADED50002BB2B /* CacheDemo */ = {
			isa = PBXGroup;
			children = (
				9B2334B623DADED50002BB2B /* AppDelegate.swift */,
				9B2334B823DADED50002BB2B /* SceneDelegate.swift */,
				9B2334BC23DADED50002BB2B /* Main.storyboard */,
				9B2334D023DB2CF50002BB2B /* MovieTableViewCell.swift */,
				9B2334CA23DADFC60002BB2B /* MovieTableViewController.swift */,
				9B2334D223DB2E420002BB2B /* NetworkController.swift */,
				9B2334CE23DB29950002BB2B /* Feeds.swift */,
				9B2334BF23DADED70002BB2B /* Assets.xcassets */,
				9B2334C123DADED70002BB2B /* LaunchScreen.storyboard */,
				9B2334C423DADED70002BB2B /* Info.plist */,
			);
			path = CacheDemo;
			sourceTree = "<group>";
		};
/* End PBXGroup section */

/* Begin PBXNativeTarget section */
		9B2334B223DADED50002BB2B /* CacheDemo */ = {
			isa = PBXNativeTarget;
			buildConfigurationList = 9B2334C723DADED70002BB2B /* Build configuration list for PBXNativeTarget "CacheDemo" */;
			buildPhases = (
				9B2334AF23DADED50002BB2B /* Sources */,
				9B2334B023DADED50002BB2B /* Frameworks */,
				9B2334B123DADED50002BB2B /* Resources */,
			);
			buildRules = (
			);
			dependencies = (
			);
			name = CacheDemo;
			productName = CacheDemo;
			productReference = 9B2334B323DADED50002BB2B /* CacheDemo.app */;
			productType = "com.apple.product-type.application";
		};
/* End PBXNativeTarget section */

/* Begin PBXProject section */
		9B2334AB23DADED50002BB2B /* Project object */ = {
			isa = PBXProject;
			attributes = {
				LastSwiftUpdateCheck = 1130;
				LastUpgradeCheck = 1130;
				ORGANIZATIONNAME = "SHIH-YING PAN";
				TargetAttributes = {
					9B2334B223DADED50002BB2B = {
						CreatedOnToolsVersion = 11.3;
					};
				};
			};
			buildConfigurationList = 9B2334AE23DADED50002BB2B /* Build configuration list for PBXProject "CacheDemo" */;
			compatibilityVersion = "Xcode 9.3";
			developmentRegion = en;
			hasScannedForEncodings = 0;
			knownRegions = (
				en,
				Base,
			);
			mainGroup = 9B2334AA23DADED50002BB2B;
			productRefGroup = 9B2334B423DADED50002BB2B /* Products */;
			projectDirPath = "";
			projectRoot = "";
			targets = (
				9B2334B223DADED50002BB2B /* CacheDemo */,
			);
		};
/* End PBXProject section */

/* Begin PBXResourcesBuildPhase section */
		9B2334B123DADED50002BB2B /* Resources */ = {
			isa = PBXResourcesBuildPhase;
			buildActionMask = 2147483647;
			files = (
				9B2334C323DADED70002BB2B /* LaunchScreen.storyboard in Resources */,
				9B2334C023DADED70002BB2B /* Assets.xcassets in Resources */,
				9B2334BE23DADED50002BB2B /* Main.storyboard in Resources */,
			);
			runOnlyForDeploymentPostprocessing = 0;
		};
/* End PBXResourcesBuildPhase section */

/* Begin PBXSourcesBuildPhase section */
		9B2334AF23DADED50002BB2B /* Sources */ = {
			isa = PBXSourcesBuildPhase;
			buildActionMask = 2147483647;
			files = (
				9B2334B723DADED50002BB2B /* AppDelegate.swift in Sources */,
				9B2334D123DB2CF50002BB2B /* MovieTableViewCell.swift in Sources */,
				9B2334CF23DB29950002BB2B /* Feeds.swift in Sources */,
				9B2334B923DADED50002BB2B /* SceneDelegate.swift in Sources */,
				9B2334D323DB2E420002BB2B /* NetworkController.swift in Sources */,
				9B2334CB23DADFC60002BB2B /* MovieTableViewController.swift in Sources */,
			);
			runOnlyForDeploymentPostprocessing = 0;
		};
/* End PBXSourcesBuildPhase section */

/* Begin PBXVariantGroup section */
		9B2334BC23DADED50002BB2B /* Main.storyboard */ = {
			isa = PBXVariantGroup;
			children = (
				9B2334BD23DADED50002BB2B /* Base */,
			);
			name = Main.storyboard;
			sourceTree = "<group>";
		};
		9B2334C123DADED70002BB2B /* LaunchScreen.storyboard */ = {
			isa = PBXVariantGroup;
			children = (
				9B2334C223DADED70002BB2B /* Base */,
			);
			name = LaunchScreen.storyboard;
			sourceTree = "<group>";
		};
/* End PBXVariantGroup section */

/* Begin XCBuildConfiguration section */
		9B2334C523DADED70002BB2B /* Debug */ = {
			isa = XCBuildConfiguration;
			buildSettings = {
				ALWAYS_SEARCH_USER_PATHS = NO;
				CLANG_ANALYZER_NONNULL = YES;
				CLANG_ANALYZER_NUMBER_OBJECT_CONVERSION = YES_AGGRESSIVE;
				CLANG_CXX_LANGUAGE_STANDARD = "gnu++14";
				CLANG_CXX_LIBRARY = "libc++";
				CLANG_ENABLE_MODULES = YES;
				CLANG_ENABLE_OBJC_ARC = YES;
				CLANG_ENABLE_OBJC_WEAK = YES;
				CLANG_WARN_BLOCK_CAPTURE_AUTORELEASING = YES;
				CLANG_WARN_BOOL_CONVERSION = YES;
				CLANG_WARN_COMMA = YES;
				CLANG_WARN_CONSTANT_CONVERSION = YES;
				CLANG_WARN_DEPRECATED_OBJC_IMPLEMENTATIONS = YES;
				CLANG_WARN_DIRECT_OBJC_ISA_USAGE = YES_ERROR;
				CLANG_WARN_DOCUMENTATION_COMMENTS = YES;
				CLANG_WARN_EMPTY_BODY = YES;
				CLANG_WARN_ENUM_CONVERSION = YES;
				CLANG_WARN_INFINITE_RECURSION = YES;
				CLANG_WARN_INT_CONVERSION = YES;
				CLANG_WARN_NON_LITERAL_NULL_CONVERSION = YES;
				CLANG_WARN_OBJC_IMPLICIT_RETAIN_SELF = YES;
				CLANG_WARN_OBJC_LITERAL_CONVERSION = YES;
				CLANG_WARN_OBJC_ROOT_CLASS = YES_ERROR;
				CLANG_WARN_RANGE_LOOP_ANALYSIS = YES;
				CLANG_WARN_STRICT_PROTOTYPES = YES;
				CLANG_WARN_SUSPICIOUS_MOVE = YES;
				CLANG_WARN_UNGUARDED_AVAILABILITY = YES_AGGRESSIVE;
				CLANG_WARN_UNREACHABLE_CODE = YES;
				CLANG_WARN__DUPLICATE_METHOD_MATCH = YES;
				COPY_PHASE_STRIP = NO;
				DEBUG_INFORMATION_FORMAT = dwarf;
				ENABLE_STRICT_OBJC_MSGSEND = YES;
				ENABLE_TESTABILITY = YES;
				GCC_C_LANGUAGE_STANDARD = gnu11;
				GCC_DYNAMIC_NO_PIC = NO;
				GCC_NO_COMMON_BLOCKS = YES;
				GCC_OPTIMIZATION_LEVEL = 0;
				GCC_PREPROCESSOR_DEFINITIONS = (
					"DEBUG=1",
					"$(inherited)",
				);
				GCC_WARN_64_TO_32_BIT_CONVERSION = YES;
				GCC_WARN_ABOUT_RETURN_TYPE = YES_ERROR;
				GCC_WARN_UNDECLARED_SELECTOR = YES;
				GCC_WARN_UNINITIALIZED_AUTOS = YES_AGGRESSIVE;
				GCC_WARN_UNUSED_FUNCTION = YES;
				GCC_WARN_UNUSED_VARIABLE = YES;
				IPHONEOS_DEPLOYMENT_TARGET = 13.2;
				MTL_ENABLE_DEBUG_INFO = INCLUDE_SOURCE;
				MTL_FAST_MATH = YES;
				ONLY_ACTIVE_ARCH = YES;
				SDKROOT = iphoneos;
				SWIFT_ACTIVE_COMPILATION_CONDITIONS = DEBUG;
				SWIFT_OPTIMIZATION_LEVEL = "-Onone";
			};
			name = Debug;
		};
		9B2334C623DADED70002BB2B /* Release */ = {
			isa = XCBuildConfiguration;
			buildSettings = {
				ALWAYS_SEARCH_USER_PATHS = NO;
				CLANG_ANALYZER_NONNULL = YES;
				CLANG_ANALYZER_NUMBER_OBJECT_CONVERSION = YES_AGGRESSIVE;
				CLANG_CXX_LANGUAGE_STANDARD = "gnu++14";
				CLANG_CXX_LIBRARY = "libc++";
				CLANG_ENABLE_MODULES = YES;
				CLANG_ENABLE_OBJC_ARC = YES;
				CLANG_ENABLE_OBJC_WEAK = YES;
				CLANG_WARN_BLOCK_CAPTURE_AUTORELEASING = YES;
				CLANG_WARN_BOOL_CONVERSION = YES;
				CLANG_WARN_COMMA = YES;
				CLANG_WARN_CONSTANT_CONVERSION = YES;
				CLANG_WARN_DEPRECATED_OBJC_IMPLEMENTATIONS = YES;
				CLANG_WARN_DIRECT_OBJC_ISA_USAGE = YES_ERROR;
				CLANG_WARN_DOCUMENTATION_COMMENTS = YES;
				CLANG_WARN_EMPTY_BODY = YES;
				CLANG_WARN_ENUM_CONVERSION = YES;
				CLANG_WARN_INFINITE_RECURSION = YES;
				CLANG_WARN_INT_CONVERSION = YES;
				CLANG_WARN_NON_LITERAL_NULL_CONVERSION = YES;
				CLANG_WARN_OBJC_IMPLICIT_RETAIN_SELF = YES;
				CLANG_WARN_OBJC_LITERAL_CONVERSION = YES;
				CLANG_WARN_OBJC_ROOT_CLASS = YES_ERROR;
				CLANG_WARN_RANGE_LOOP_ANALYSIS = YES;
				CLANG_WARN_STRICT_PROTOTYPES = YES;
				CLANG_WARN_SUSPICIOUS_MOVE = YES;
				CLANG_WARN_UNGUARDED_AVAILABILITY = YES_AGGRESSIVE;
				CLANG_WARN_UNREACHABLE_CODE = YES;
				CLANG_WARN__DUPLICATE_METHOD_MATCH = YES;
				COPY_PHASE_STRIP = NO;
				DEBUG_INFORMATION_FORMAT = "dwarf-with-dsym";
				ENABLE_NS_ASSERTIONS = NO;
				ENABLE_STRICT_OBJC_MSGSEND = YES;
				GCC_C_LANGUAGE_STANDARD = gnu11;
				GCC_NO_COMMON_BLOCKS = YES;
				GCC_WARN_64_TO_32_BIT_CONVERSION = YES;
				GCC_WARN_ABOUT_RETURN_TYPE = YES_ERROR;
				GCC_WARN_UNDECLARED_SELECTOR = YES;
				GCC_WARN_UNINITIALIZED_AUTOS = YES_AGGRESSIVE;
				GCC_WARN_UNUSED_FUNCTION = YES;
				GCC_WARN_UNUSED_VARIABLE = YES;
				IPHONEOS_DEPLOYMENT_TARGET = 13.2;
				MTL_ENABLE_DEBUG_INFO = NO;
				MTL_FAST_MATH = YES;
				SDKROOT = iphoneos;
				SWIFT_COMPILATION_MODE = wholemodule;
				SWIFT_OPTIMIZATION_LEVEL = "-O";
				VALIDATE_PRODUCT = YES;
			};
			name = Release;
		};
		9B2334C823DADED70002BB2B /* Debug */ = {
			isa = XCBuildConfiguration;
			buildSettings = {
				ASSETCATALOG_COMPILER_APPICON_NAME = AppIcon;
				CODE_SIGN_STYLE = Automatic;
				INFOPLIST_FILE = CacheDemo/Info.plist;
				LD_RUNPATH_SEARCH_PATHS = (
					"$(inherited)",
					"@executable_path/Frameworks",
				);
				PRODUCT_BUNDLE_IDENTIFIER = com.peter.CacheDemo;
				PRODUCT_NAME = "$(TARGET_NAME)";
				SWIFT_VERSION = 5.0;
				TARGETED_DEVICE_FAMILY = "1,2";
			};
			name = Debug;
		};
		9B2334C923DADED70002BB2B /* Release */ = {
			isa = XCBuildConfiguration;
			buildSettings = {
				ASSETCATALOG_COMPILER_APPICON_NAME = AppIcon;
				CODE_SIGN_STYLE = Automatic;
				INFOPLIST_FILE = CacheDemo/Info.plist;
				LD_RUNPATH_SEARCH_PATHS = (
					"$(inherited)",
					"@executable_path/Frameworks",
				);
				PRODUCT_BUNDLE_IDENTIFIER = com.peter.CacheDemo;
				PRODUCT_NAME = "$(TARGET_NAME)";
				SWIFT_VERSION = 5.0;
				TARGETED_DEVICE_FAMILY = "1,2";
			};
			name = Release;
		};
/* End XCBuildConfiguration section */

/* Begin XCConfigurationList section */
		9B2334AE23DADED50002BB2B /* Build configuration list for PBXProject "CacheDemo" */ = {
			isa = XCConfigurationList;
			buildConfigurations = (
				9B2334C523DADED70002BB2B /* Debug */,
				9B2334C623DADED70002BB2B /* Release */,
			);
			defaultConfigurationIsVisible = 0;
			defaultConfigurationName = Release;
		};
		9B2334C723DADED70002BB2B /* Build configuration list for PBXNativeTarget "CacheDemo" */ = {
			isa = XCConfigurationList;
			buildConfigurations = (
				9B2334C823DADED70002BB2B /* Debug */,
				9B2334C923DADED70002BB2B /* Release */,
			);
			defaultConfigurationIsVisible = 0;
			defaultConfigurationName = Release;
		};
/* End XCConfigurationList section */
	};
	rootObject = 9B2334AB23DADED50002BB2B /* Project object */;
}
